
Microsoft Visual Studio Solution File, Format Version 12.00
# Visual Studio Version 17
VisualStudioVersion = 17.3.32901.215
MinimumVisualStudioVersion = 10.0.40219.1
Project("{FAE04EC0-301F-11D3-BF4B-00C04F79EFBC}") = "Responsi2", "Responsi2\Responsi2.csproj", "{7C38EB90-FA5C-4453-BB3F-9C41264505B5}"
EndProject
Global
	GlobalSection(SolutionConfigurationPlatforms) = preSolution
		Debug|Any CPU = Debug|Any CPU
		Release|Any CPU = Release|Any CPU
	EndGlobalSection
	GlobalSection(ProjectConfigurationPlatforms) = postSolution
		{7C38EB90-FA5C-4453-BB3F-9C41264505B5}.Debug|Any CPU.ActiveCfg = Debug|Any CPU
		{7C38EB90-FA5C-4453-BB3F-9C41264505B5}.Debug|Any CPU.Build.0 = Debug|Any CPU
		{7C38EB90-FA5C-4453-BB3F-9C41264505B5}.Release|Any CPU.ActiveCfg = Release|Any CPU
		{7C38EB90-FA5C-4453-BB3F-9C41264505B5}.Release|Any CPU.Build.0 = Release|Any CPU
	EndGlobalSection
	GlobalSection(SolutionProperties) = preSolution
		HideSolutionNode = FALSE
	EndGlobalSection
	GlobalSection(ExtensibilityGlobals) = postSolution
		SolutionGuid = {FE576727-4E47-4BD7-AA3A-60E28DB67649}
	EndGlobalSection
EndGlobal
